
Microsoft Visual Studio Solution File, Format Version 12.00
# Visual Studio Version 16
VisualStudioVersion = 16.0.30907.101
MinimumVisualStudioVersion = 10.0.40219.1
Project("{FAE04EC0-301F-11D3-BF4B-00C04F79EFBC}") = "1,2,6,12,13", "1,2,6,12,13\1,2,6,12,13.csproj", "{F262B507-47EA-41CE-BAC5-7F03B78D202A}"
EndProject
Project("{FAE04EC0-301F-11D3-BF4B-00C04F79EFBC}") = "2", "2\2.csproj", "{B4FEAF75-98D5-4A9E-8DEB-DF235B28CBBC}"
EndProject
Project("{FAE04EC0-301F-11D3-BF4B-00C04F79EFBC}") = "6", "6\6.csproj", "{8FB26274-23E5-4009-9D80-A8BD0E742ADB}"
EndProject
Project("{FAE04EC0-301F-11D3-BF4B-00C04F79EFBC}") = "13", "13\13.csproj", "{63369F27-7C80-4B8D-9C4C-BE250E8A339E}"
EndProject
Project("{FAE04EC0-301F-11D3-BF4B-00C04F79EFBC}") = "12", "12\12.csproj", "{0072F7C1-4500-47B1-8552-53065B63A5B3}"
EndProject
Global
	GlobalSection(SolutionConfigurationPlatforms) = preSolution
		Debug|Any CPU = Debug|Any CPU
		Release|Any CPU = Release|Any CPU
	EndGlobalSection
	GlobalSection(ProjectConfigurationPlatforms) = postSolution
		{F262B507-47EA-41CE-BAC5-7F03B78D202A}.Debug|Any CPU.ActiveCfg = Debug|Any CPU
		{F262B507-47EA-41CE-BAC5-7F03B78D202A}.Debug|Any CPU.Build.0 = Debug|Any CPU
		{F262B507-47EA-41CE-BAC5-7F03B78D202A}.Release|Any CPU.ActiveCfg = Release|Any CPU
		{F262B507-47EA-41CE-BAC5-7F03B78D202A}.Release|Any CPU.Build.0 = Release|Any CPU
		{B4FEAF75-98D5-4A9E-8DEB-DF235B28CBBC}.Debug|Any CPU.ActiveCfg = Debug|Any CPU
		{B4FEAF75-98D5-4A9E-8DEB-DF235B28CBBC}.Debug|Any CPU.Build.0 = Debug|Any CPU
		{B4FEAF75-98D5-4A9E-8DEB-DF235B28CBBC}.Release|Any CPU.ActiveCfg = Release|Any CPU
		{B4FEAF75-98D5-4A9E-8DEB-DF235B28CBBC}.Release|Any CPU.Build.0 = Release|Any CPU
		{8FB26274-23E5-4009-9D80-A8BD0E742ADB}.Debug|Any CPU.ActiveCfg = Debug|Any CPU
		{8FB26274-23E5-4009-9D80-A8BD0E742ADB}.Debug|Any CPU.Build.0 = Debug|Any CPU
		{8FB26274-23E5-4009-9D80-A8BD0E742ADB}.Release|Any CPU.ActiveCfg = Release|Any CPU
		{8FB26274-23E5-4009-9D80-A8BD0E742ADB}.Release|Any CPU.Build.0 = Release|Any CPU
		{63369F27-7C80-4B8D-9C4C-BE250E8A339E}.Debug|Any CPU.ActiveCfg = Debug|Any CPU
		{63369F27-7C80-4B8D-9C4C-BE250E8A339E}.Debug|Any CPU.Build.0 = Debug|Any CPU
		{63369F27-7C80-4B8D-9C4C-BE250E8A339E}.Release|Any CPU.ActiveCfg = Release|Any CPU
		{63369F27-7C80-4B8D-9C4C-BE250E8A339E}.Release|Any CPU.Build.0 = Release|Any CPU
		{0072F7C1-4500-47B1-8552-53065B63A5B3}.Debug|Any CPU.ActiveCfg = Debug|Any CPU
		{0072F7C1-4500-47B1-8552-53065B63A5B3}.Debug|Any CPU.Build.0 = Debug|Any CPU
		{0072F7C1-4500-47B1-8552-53065B63A5B3}.Release|Any CPU.ActiveCfg = Release|Any CPU
		{0072F7C1-4500-47B1-8552-53065B63A5B3}.Release|Any CPU.Build.0 = Release|Any CPU
	EndGlobalSection
	GlobalSection(SolutionProperties) = preSolution
		HideSolutionNode = FALSE
	EndGlobalSection
	GlobalSection(ExtensibilityGlobals) = postSolution
		SolutionGuid = {277395FB-9A32-4DFC-8257-302060BC7B7C}
	EndGlobalSection
EndGlobal
